
Microsoft Visual Studio Solution File, Format Version 12.00
# Visual Studio 15
VisualStudioVersion = 15.0.27130.2036
MinimumVisualStudioVersion = 10.0.40219.1
Project("{8BC9CEB8-8B4A-11D0-8D11-00A0C91BC942}") = "VTKSimplification", "VTKSimplification\VTKSimplification.vcxproj", "{1BADB14D-8886-4C87-BEA1-3CCD1634AE99}"
EndProject
Project("{8BC9CEB8-8B4A-11D0-8D11-00A0C91BC942}") = "VTKReadMesh", "VTKReadMesh\VTKReadMesh.vcxproj", "{C2C92516-A738-4F02-A528-4D5A312F331E}"
EndProject
Global
	GlobalSection(SolutionConfigurationPlatforms) = preSolution
		Debug|x64 = Debug|x64
		Debug|x86 = Debug|x86
		Release|x64 = Release|x64
		Release|x86 = Release|x86
	EndGlobalSection
	GlobalSection(ProjectConfigurationPlatforms) = postSolution
		{1BADB14D-8886-4C87-BEA1-3CCD1634AE99}.Debug|x64.ActiveCfg = Debug|x64
		{1BADB14D-8886-4C87-BEA1-3CCD1634AE99}.Debug|x64.Build.0 = Debug|x64
		{1BADB14D-8886-4C87-BEA1-3CCD1634AE99}.Debug|x86.ActiveCfg = Debug|Win32
		{1BADB14D-8886-4C87-BEA1-3CCD1634AE99}.Debug|x86.Build.0 = Debug|Win32
		{1BADB14D-8886-4C87-BEA1-3CCD1634AE99}.Release|x64.ActiveCfg = Release|x64
		{1BADB14D-8886-4C87-BEA1-3CCD1634AE99}.Release|x64.Build.0 = Release|x64
		{1BADB14D-8886-4C87-BEA1-3CCD1634AE99}.Release|x86.ActiveCfg = Release|Win32
		{1BADB14D-8886-4C87-BEA1-3CCD1634AE99}.Release|x86.Build.0 = Release|Win32
		{C2C92516-A738-4F02-A528-4D5A312F331E}.Debug|x64.ActiveCfg = Debug|x64
		{C2C92516-A738-4F02-A528-4D5A312F331E}.Debug|x64.Build.0 = Debug|x64
		{C2C92516-A738-4F02-A528-4D5A312F331E}.Debug|x86.ActiveCfg = Debug|Win32
		{C2C92516-A738-4F02-A528-4D5A312F331E}.Debug|x86.Build.0 = Debug|Win32
		{C2C92516-A738-4F02-A528-4D5A312F331E}.Release|x64.ActiveCfg = Release|x64
		{C2C92516-A738-4F02-A528-4D5A312F331E}.Release|x64.Build.0 = Release|x64
		{C2C92516-A738-4F02-A528-4D5A312F331E}.Release|x86.ActiveCfg = Release|Win32
		{C2C92516-A738-4F02-A528-4D5A312F331E}.Release|x86.Build.0 = Release|Win32
	EndGlobalSection
	GlobalSection(SolutionProperties) = preSolution
		HideSolutionNode = FALSE
	EndGlobalSection
	GlobalSection(ExtensibilityGlobals) = postSolution
		SolutionGuid = {CFD98F55-D87C-4D09-ADFE-B12A8E8B1E6E}
	EndGlobalSection
EndGlobal
